
Microsoft Visual Studio Solution File, Format Version 12.00
# Visual Studio Version 17
VisualStudioVersion = 17.1.32228.430
MinimumVisualStudioVersion = 10.0.40219.1
Project("{FAE04EC0-301F-11D3-BF4B-00C04F79EFBC}") = "FutureMountainAPI", "FutureMountainAPI\FutureMountainAPI.csproj", "{5D419122-6DC5-4410-A94D-9C83D25ADF36}"
EndProject
Global
	GlobalSection(SolutionConfigurationPlatforms) = preSolution
		Debug|Any CPU = Debug|Any CPU
		Release|Any CPU = Release|Any CPU
	EndGlobalSection
	GlobalSection(ProjectConfigurationPlatforms) = postSolution
		{5D419122-6DC5-4410-A94D-9C83D25ADF36}.Debug|Any CPU.ActiveCfg = Debug|Any CPU
		{5D419122-6DC5-4410-A94D-9C83D25ADF36}.Debug|Any CPU.Build.0 = Debug|Any CPU
		{5D419122-6DC5-4410-A94D-9C83D25ADF36}.Release|Any CPU.ActiveCfg = Release|Any CPU
		{5D419122-6DC5-4410-A94D-9C83D25ADF36}.Release|Any CPU.Build.0 = Release|Any CPU
	EndGlobalSection
	GlobalSection(SolutionProperties) = preSolution
		HideSolutionNode = FALSE
	EndGlobalSection
	GlobalSection(ExtensibilityGlobals) = postSolution
		SolutionGuid = {4AC34470-0772-4BFE-BB62-8264CF8E919F}
	EndGlobalSection
EndGlobal
